// !$*UTF8*$!
{
	archiveVersion = 1;
	classes = {
	};
	objectVersion = 56;
	objects = {

/* Begin PBXBuildFile section */
		A0BCACFD2B060542733FA8A2 /* Pods_Vectors.framework in Frameworks */ = {isa = PBXBuildFile; fileRef = F5EDC1247DA97E0DB1FE9641 /* Pods_Vectors.framework */; };
		F90FF538294873B600347AD2 /* GameViewController.swift in Sources */ = {isa = PBXBuildFile; fileRef = F90FF537294873B600347AD2 /* GameViewController.swift */; };
		F90FF53A2948983700347AD2 /* CircleView.swift in Sources */ = {isa = PBXBuildFile; fileRef = F90FF5392948983700347AD2 /* CircleView.swift */; };
		F90FF53E2948B38F00347AD2 /* GameView.swift in Sources */ = {isa = PBXBuildFile; fileRef = F90FF53D2948B38F00347AD2 /* GameView.swift */; };
		F913A2372940C76C008370B5 /* VectorCollectionCell.swift in Sources */ = {isa = PBXBuildFile; fileRef = F913A2362940C76C008370B5 /* VectorCollectionCell.swift */; };
		F913A23A2940EF2C008370B5 /* CanvasViewModel.swift in Sources */ = {isa = PBXBuildFile; fileRef = F913A2392940EF2C008370B5 /* CanvasViewModel.swift */; };
		F913A23C2940F762008370B5 /* ViewModelProtocol.swift in Sources */ = {isa = PBXBuildFile; fileRef = F913A23B2940F762008370B5 /* ViewModelProtocol.swift */; };
		F9312F302944A23A003B2C89 /* Observable.swift in Sources */ = {isa = PBXBuildFile; fileRef = F9312F2F2944A23A003B2C89 /* Observable.swift */; };
		F96956E929409BAC00A16CD6 /* MockVectorProvider.swift in Sources */ = {isa = PBXBuildFile; fileRef = F96956E829409BAC00A16CD6 /* MockVectorProvider.swift */; };
		F96956EE29409C0700A16CD6 /* VectorProviderProtocol.swift in Sources */ = {isa = PBXBuildFile; fileRef = F96956ED29409C0700A16CD6 /* VectorProviderProtocol.swift */; };
		F96956F02940AB5B00A16CD6 /* MenuView.swift in Sources */ = {isa = PBXBuildFile; fileRef = F96956EF2940AB5B00A16CD6 /* MenuView.swift */; };
		F96956F22940AC7F00A16CD6 /* BaseButton.swift in Sources */ = {isa = PBXBuildFile; fileRef = F96956F12940AC7F00A16CD6 /* BaseButton.swift */; };
		F9809C902943771F00D422A1 /* AddViewController.swift in Sources */ = {isa = PBXBuildFile; fileRef = F9809C8F2943771F00D422A1 /* AddViewController.swift */; };
		F9809C922943905A00D422A1 /* BaseTextField.swift in Sources */ = {isa = PBXBuildFile; fileRef = F9809C912943905A00D422A1 /* BaseTextField.swift */; };
		F9809C942943910200D422A1 /* AddView.swift in Sources */ = {isa = PBXBuildFile; fileRef = F9809C932943910200D422A1 /* AddView.swift */; };
		F9AD2AFB2942085900895983 /* UIColor.swift in Sources */ = {isa = PBXBuildFile; fileRef = F9AD2AFA2942085900895983 /* UIColor.swift */; };
		F9B498172934C769008DD0CD /* AppDelegate.swift in Sources */ = {isa = PBXBuildFile; fileRef = F9B498162934C769008DD0CD /* AppDelegate.swift */; };
		F9B4981B2934C769008DD0CD /* CanvasViewController.swift in Sources */ = {isa = PBXBuildFile; fileRef = F9B4981A2934C769008DD0CD /* CanvasViewController.swift */; };
		F9B498202934C769008DD0CD /* Assets.xcassets in Resources */ = {isa = PBXBuildFile; fileRef = F9B4981F2934C769008DD0CD /* Assets.xcassets */; };
		F9B498232934C769008DD0CD /* LaunchScreen.storyboard in Resources */ = {isa = PBXBuildFile; fileRef = F9B498212934C769008DD0CD /* LaunchScreen.storyboard */; };
		F9C6F71D2934DC88002A4D64 /* VectorsSKScene.swift in Sources */ = {isa = PBXBuildFile; fileRef = F9C6F71C2934DC88002A4D64 /* VectorsSKScene.swift */; };
		F9C6F71F29350ADF002A4D64 /* VectorModel.swift in Sources */ = {isa = PBXBuildFile; fileRef = F9C6F71E29350ADF002A4D64 /* VectorModel.swift */; };
		F9CE1965294717B80069395D /* RealmVectorProvider.swift in Sources */ = {isa = PBXBuildFile; fileRef = F9CE1964294717B80069395D /* RealmVectorProvider.swift */; };
		F9CE196729471E770069395D /* RealmVectorModel.swift in Sources */ = {isa = PBXBuildFile; fileRef = F9CE196629471E770069395D /* RealmVectorModel.swift */; };
		F9D759082947588C004EF5CF /* DIProvider.swift in Sources */ = {isa = PBXBuildFile; fileRef = F9D759072947588C004EF5CF /* DIProvider.swift */; };
		F9DC475B2938D15C00F94A29 /* CGPoint.swift in Sources */ = {isa = PBXBuildFile; fileRef = F9DC475A2938D15C00F94A29 /* CGPoint.swift */; };
		F9E5565A2934D19F00FCFB91 /* Strings+Generated.swift in Sources */ = {isa = PBXBuildFile; fileRef = F9E556582934D19F00FCFB91 /* Strings+Generated.swift */; };
		F9E5565B2934D19F00FCFB91 /* Assets.swift in Sources */ = {isa = PBXBuildFile; fileRef = F9E556592934D19F00FCFB91 /* Assets.swift */; };
		F9E556602934D20500FCFB91 /* Localizable.strings in Resources */ = {isa = PBXBuildFile; fileRef = F9E5565F2934D20500FCFB91 /* Localizable.strings */; };
		F9F27F7B293E36B80027421C /* CanvasView.swift in Sources */ = {isa = PBXBuildFile; fileRef = F9F27F7A293E36B80027421C /* CanvasView.swift */; };
/* End PBXBuildFile section */

/* Begin PBXFileReference section */
		33AFCA071E3D4A324D4E46FD /* Pods-Vectors.debug.xcconfig */ = {isa = PBXFileReference; includeInIndex = 1; lastKnownFileType = text.xcconfig; name = "Pods-Vectors.debug.xcconfig"; path = "Target Support Files/Pods-Vectors/Pods-Vectors.debug.xcconfig"; sourceTree = "<group>"; };
		342AED9584E4184FB574E608 /* Pods-Vectors.release.xcconfig */ = {isa = PBXFileReference; includeInIndex = 1; lastKnownFileType = text.xcconfig; name = "Pods-Vectors.release.xcconfig"; path = "Target Support Files/Pods-Vectors/Pods-Vectors.release.xcconfig"; sourceTree = "<group>"; };
		F5EDC1247DA97E0DB1FE9641 /* Pods_Vectors.framework */ = {isa = PBXFileReference; explicitFileType = wrapper.framework; includeInIndex = 0; path = Pods_Vectors.framework; sourceTree = BUILT_PRODUCTS_DIR; };
		F90FF537294873B600347AD2 /* GameViewController.swift */ = {isa = PBXFileReference; lastKnownFileType = sourcecode.swift; path = GameViewController.swift; sourceTree = "<group>"; };
		F90FF5392948983700347AD2 /* CircleView.swift */ = {isa = PBXFileReference; lastKnownFileType = sourcecode.swift; path = CircleView.swift; sourceTree = "<group>"; };
		F90FF53D2948B38F00347AD2 /* GameView.swift */ = {isa = PBXFileReference; lastKnownFileType = sourcecode.swift; path = GameView.swift; sourceTree = "<group>"; };
		F913A2362940C76C008370B5 /* VectorCollectionCell.swift */ = {isa = PBXFileReference; lastKnownFileType = sourcecode.swift; path = VectorCollectionCell.swift; sourceTree = "<group>"; };
		F913A2392940EF2C008370B5 /* CanvasViewModel.swift */ = {isa = PBXFileReference; lastKnownFileType = sourcecode.swift; path = CanvasViewModel.swift; sourceTree = "<group>"; };
		F913A23B2940F762008370B5 /* ViewModelProtocol.swift */ = {isa = PBXFileReference; lastKnownFileType = sourcecode.swift; path = ViewModelProtocol.swift; sourceTree = "<group>"; };
		F9312F2F2944A23A003B2C89 /* Observable.swift */ = {isa = PBXFileReference; lastKnownFileType = sourcecode.swift; path = Observable.swift; sourceTree = "<group>"; };
		F96956E829409BAC00A16CD6 /* MockVectorProvider.swift */ = {isa = PBXFileReference; lastKnownFileType = sourcecode.swift; path = MockVectorProvider.swift; sourceTree = "<group>"; };
		F96956ED29409C0700A16CD6 /* VectorProviderProtocol.swift */ = {isa = PBXFileReference; lastKnownFileType = sourcecode.swift; path = VectorProviderProtocol.swift; sourceTree = "<group>"; };
		F96956EF2940AB5B00A16CD6 /* MenuView.swift */ = {isa = PBXFileReference; lastKnownFileType = sourcecode.swift; path = MenuView.swift; sourceTree = "<group>"; };
		F96956F12940AC7F00A16CD6 /* BaseButton.swift */ = {isa = PBXFileReference; lastKnownFileType = sourcecode.swift; path = BaseButton.swift; sourceTree = "<group>"; };
		F9809C8F2943771F00D422A1 /* AddViewController.swift */ = {isa = PBXFileReference; lastKnownFileType = sourcecode.swift; path = AddViewController.swift; sourceTree = "<group>"; };
		F9809C912943905A00D422A1 /* BaseTextField.swift */ = {isa = PBXFileReference; lastKnownFileType = sourcecode.swift; path = BaseTextField.swift; sourceTree = "<group>"; };
		F9809C932943910200D422A1 /* AddView.swift */ = {isa = PBXFileReference; lastKnownFileType = sourcecode.swift; path = AddView.swift; sourceTree = "<group>"; };
		F9AD2AFA2942085900895983 /* UIColor.swift */ = {isa = PBXFileReference; lastKnownFileType = sourcecode.swift; path = UIColor.swift; sourceTree = "<group>"; };
		F9B498132934C769008DD0CD /* Vectors.app */ = {isa = PBXFileReference; explicitFileType = wrapper.application; includeInIndex = 0; path = Vectors.app; sourceTree = BUILT_PRODUCTS_DIR; };
		F9B498162934C769008DD0CD /* AppDelegate.swift */ = {isa = PBXFileReference; lastKnownFileType = sourcecode.swift; path = AppDelegate.swift; sourceTree = "<group>"; };
		F9B4981A2934C769008DD0CD /* CanvasViewController.swift */ = {isa = PBXFileReference; lastKnownFileType = sourcecode.swift; path = CanvasViewController.swift; sourceTree = "<group>"; };
		F9B4981F2934C769008DD0CD /* Assets.xcassets */ = {isa = PBXFileReference; lastKnownFileType = folder.assetcatalog; path = Assets.xcassets; sourceTree = "<group>"; };
		F9B498222934C769008DD0CD /* Base */ = {isa = PBXFileReference; lastKnownFileType = file.storyboard; name = Base; path = Base.lproj/LaunchScreen.storyboard; sourceTree = "<group>"; };
		F9B498242934C769008DD0CD /* Info.plist */ = {isa = PBXFileReference; lastKnownFileType = text.plist.xml; path = Info.plist; sourceTree = "<group>"; };
		F9C6F71C2934DC88002A4D64 /* VectorsSKScene.swift */ = {isa = PBXFileReference; lastKnownFileType = sourcecode.swift; path = VectorsSKScene.swift; sourceTree = "<group>"; };
		F9C6F71E29350ADF002A4D64 /* VectorModel.swift */ = {isa = PBXFileReference; lastKnownFileType = sourcecode.swift; path = VectorModel.swift; sourceTree = "<group>"; };
		F9CE1964294717B80069395D /* RealmVectorProvider.swift */ = {isa = PBXFileReference; lastKnownFileType = sourcecode.swift; path = RealmVectorProvider.swift; sourceTree = "<group>"; };
		F9CE196629471E770069395D /* RealmVectorModel.swift */ = {isa = PBXFileReference; lastKnownFileType = sourcecode.swift; path = RealmVectorModel.swift; sourceTree = "<group>"; };
		F9D759072947588C004EF5CF /* DIProvider.swift */ = {isa = PBXFileReference; lastKnownFileType = sourcecode.swift; path = DIProvider.swift; sourceTree = "<group>"; };
		F9DC475A2938D15C00F94A29 /* CGPoint.swift */ = {isa = PBXFileReference; lastKnownFileType = sourcecode.swift; path = CGPoint.swift; sourceTree = "<group>"; };
		F9E556582934D19F00FCFB91 /* Strings+Generated.swift */ = {isa = PBXFileReference; fileEncoding = 4; lastKnownFileType = sourcecode.swift; path = "Strings+Generated.swift"; sourceTree = "<group>"; };
		F9E556592934D19F00FCFB91 /* Assets.swift */ = {isa = PBXFileReference; fileEncoding = 4; lastKnownFileType = sourcecode.swift; path = Assets.swift; sourceTree = "<group>"; };
		F9E5565F2934D20500FCFB91 /* Localizable.strings */ = {isa = PBXFileReference; lastKnownFileType = text.plist.strings; path = Localizable.strings; sourceTree = "<group>"; };
		F9F27F7A293E36B80027421C /* CanvasView.swift */ = {isa = PBXFileReference; lastKnownFileType = sourcecode.swift; path = CanvasView.swift; sourceTree = "<group>"; };
/* End PBXFileReference section */

/* Begin PBXFrameworksBuildPhase section */
		F9B498102934C768008DD0CD /* Frameworks */ = {
			isa = PBXFrameworksBuildPhase;
			buildActionMask = 2147483647;
			files = (
				A0BCACFD2B060542733FA8A2 /* Pods_Vectors.framework in Frameworks */,
			);
			runOnlyForDeploymentPostprocessing = 0;
		};
/* End PBXFrameworksBuildPhase section */

/* Begin PBXGroup section */
		3E6AF541B1520A0DF6EC41F7 /* Frameworks */ = {
			isa = PBXGroup;
			children = (
				F5EDC1247DA97E0DB1FE9641 /* Pods_Vectors.framework */,
			);
			name = Frameworks;
			sourceTree = "<group>";
		};
		43164B4733E33419B3FBAFAC /* Pods */ = {
			isa = PBXGroup;
			children = (
				33AFCA071E3D4A324D4E46FD /* Pods-Vectors.debug.xcconfig */,
				342AED9584E4184FB574E608 /* Pods-Vectors.release.xcconfig */,
			);
			path = Pods;
			sourceTree = "<group>";
		};
		F913A2382940EF0E008370B5 /* ViewModels */ = {
			isa = PBXGroup;
			children = (
				F913A2392940EF2C008370B5 /* CanvasViewModel.swift */,
			);
			path = ViewModels;
			sourceTree = "<group>";
		};
		F96956EA29409BC300A16CD6 /* Providers */ = {
			isa = PBXGroup;
			children = (
				F9D759072947588C004EF5CF /* DIProvider.swift */,
				F96956E829409BAC00A16CD6 /* MockVectorProvider.swift */,
				F9CE1964294717B80069395D /* RealmVectorProvider.swift */,
			);
			path = Providers;
			sourceTree = "<group>";
		};
		F96956EB29409BE500A16CD6 /* Models */ = {
			isa = PBXGroup;
			children = (
				F9C6F71E29350ADF002A4D64 /* VectorModel.swift */,
				F9CE196629471E770069395D /* RealmVectorModel.swift */,
			);
			path = Models;
			sourceTree = "<group>";
		};
		F96956EC29409BFA00A16CD6 /* Protocols */ = {
			isa = PBXGroup;
			children = (
				F96956ED29409C0700A16CD6 /* VectorProviderProtocol.swift */,
				F913A23B2940F762008370B5 /* ViewModelProtocol.swift */,
			);
			path = Protocols;
			sourceTree = "<group>";
		};
		F96956F32940AC8300A16CD6 /* Components */ = {
			isa = PBXGroup;
			children = (
				F9809C912943905A00D422A1 /* BaseTextField.swift */,
				F96956F12940AC7F00A16CD6 /* BaseButton.swift */,
				F913A2362940C76C008370B5 /* VectorCollectionCell.swift */,
				F90FF5392948983700347AD2 /* CircleView.swift */,
			);
			path = Components;
			sourceTree = "<group>";
		};
		F9809C8E29433BF800D422A1 /* SKScenes */ = {
			isa = PBXGroup;
			children = (
				F9C6F71C2934DC88002A4D64 /* VectorsSKScene.swift */,
			);
			path = SKScenes;
			sourceTree = "<group>";
		};
		F9B4980A2934C768008DD0CD = {
			isa = PBXGroup;
			children = (
				F9B498152934C769008DD0CD /* Vectors */,
				F9B498142934C769008DD0CD /* Products */,
				43164B4733E33419B3FBAFAC /* Pods */,
				3E6AF541B1520A0DF6EC41F7 /* Frameworks */,
			);
			sourceTree = "<group>";
		};
		F9B498142934C769008DD0CD /* Products */ = {
			isa = PBXGroup;
			children = (
				F9B498132934C769008DD0CD /* Vectors.app */,
			);
			name = Products;
			sourceTree = "<group>";
		};
		F9B498152934C769008DD0CD /* Vectors */ = {
			isa = PBXGroup;
			children = (
				F96956EA29409BC300A16CD6 /* Providers */,
				F9F27F7C293E36BC0027421C /* Views */,
				F9B4982B2934CC1A008DD0CD /* ViewControllers */,
				F9809C8E29433BF800D422A1 /* SKScenes */,
				F913A2382940EF0E008370B5 /* ViewModels */,
				F96956EB29409BE500A16CD6 /* Models */,
				F9B498162934C769008DD0CD /* AppDelegate.swift */,
				F96956F32940AC8300A16CD6 /* Components */,
				F9DC47592938D0CA00F94A29 /* Extensions */,
				F96956EC29409BFA00A16CD6 /* Protocols */,
				F9B4982A2934CBB4008DD0CD /* Sources */,
			);
			path = Vectors;
			sourceTree = "<group>";
		};
		F9B4982A2934CBB4008DD0CD /* Sources */ = {
			isa = PBXGroup;
			children = (
				F9E556572934D18800FCFB91 /* Generated */,
				F9B4981F2934C769008DD0CD /* Assets.xcassets */,
				F9E5565F2934D20500FCFB91 /* Localizable.strings */,
				F9B498212934C769008DD0CD /* LaunchScreen.storyboard */,
				F9B498242934C769008DD0CD /* Info.plist */,
			);
			path = Sources;
			sourceTree = "<group>";
		};
		F9B4982B2934CC1A008DD0CD /* ViewControllers */ = {
			isa = PBXGroup;
			children = (
				F9B4981A2934C769008DD0CD /* CanvasViewController.swift */,
				F9809C8F2943771F00D422A1 /* AddViewController.swift */,
				F90FF537294873B600347AD2 /* GameViewController.swift */,
			);
			path = ViewControllers;
			sourceTree = "<group>";
		};
		F9DC47592938D0CA00F94A29 /* Extensions */ = {
			isa = PBXGroup;
			children = (
				F9DC475A2938D15C00F94A29 /* CGPoint.swift */,
				F9AD2AFA2942085900895983 /* UIColor.swift */,
				F9312F2F2944A23A003B2C89 /* Observable.swift */,
			);
			path = Extensions;
			sourceTree = "<group>";
		};
		F9E556572934D18800FCFB91 /* Generated */ = {
			isa = PBXGroup;
			children = (
				F9E556592934D19F00FCFB91 /* Assets.swift */,
				F9E556582934D19F00FCFB91 /* Strings+Generated.swift */,
			);
			path = Generated;
			sourceTree = "<group>";
		};
		F9F27F7C293E36BC0027421C /* Views */ = {
			isa = PBXGroup;
			children = (
				F9F27F7A293E36B80027421C /* CanvasView.swift */,
				F96956EF2940AB5B00A16CD6 /* MenuView.swift */,
				F9809C932943910200D422A1 /* AddView.swift */,
				F90FF53D2948B38F00347AD2 /* GameView.swift */,
			);
			path = Views;
			sourceTree = "<group>";
		};
/* End PBXGroup section */

/* Begin PBXNativeTarget section */
		F9B498122934C768008DD0CD /* Vectors */ = {
			isa = PBXNativeTarget;
			buildConfigurationList = F9B498272934C769008DD0CD /* Build configuration list for PBXNativeTarget "Vectors" */;
			buildPhases = (
				E5C136F602D262D66C9DE7DB /* [CP] Check Pods Manifest.lock */,
				F9FECC522934D060004803F8 /* SwiftLint Script */,
				F9FECC532934D07B004803F8 /* SwiftGen Script */,
				F9B4980F2934C768008DD0CD /* Sources */,
				F9B498102934C768008DD0CD /* Frameworks */,
				F9B498112934C768008DD0CD /* Resources */,
				E25BE181B273D7C41EC90374 /* [CP] Embed Pods Frameworks */,
			);
			buildRules = (
			);
			dependencies = (
			);
			name = Vectors;
			productName = Vectors;
			productReference = F9B498132934C769008DD0CD /* Vectors.app */;
			productType = "com.apple.product-type.application";
		};
/* End PBXNativeTarget section */

/* Begin PBXProject section */
		F9B4980B2934C768008DD0CD /* Project object */ = {
			isa = PBXProject;
			attributes = {
				BuildIndependentTargetsInParallel = 1;
				LastSwiftUpdateCheck = 1410;
				LastUpgradeCheck = 1410;
				TargetAttributes = {
					F9B498122934C768008DD0CD = {
						CreatedOnToolsVersion = 14.1;
					};
				};
			};
			buildConfigurationList = F9B4980E2934C768008DD0CD /* Build configuration list for PBXProject "Vectors" */;
			compatibilityVersion = "Xcode 14.0";
			developmentRegion = en;
			hasScannedForEncodings = 0;
			knownRegions = (
				en,
				Base,
			);
			mainGroup = F9B4980A2934C768008DD0CD;
			productRefGroup = F9B498142934C769008DD0CD /* Products */;
			projectDirPath = "";
			projectRoot = "";
			targets = (
				F9B498122934C768008DD0CD /* Vectors */,
			);
		};
/* End PBXProject section */

/* Begin PBXResourcesBuildPhase section */
		F9B498112934C768008DD0CD /* Resources */ = {
			isa = PBXResourcesBuildPhase;
			buildActionMask = 2147483647;
			files = (
				F9B498232934C769008DD0CD /* LaunchScreen.storyboard in Resources */,
				F9E556602934D20500FCFB91 /* Localizable.strings in Resources */,
				F9B498202934C769008DD0CD /* Assets.xcassets in Resources */,
			);
			runOnlyForDeploymentPostprocessing = 0;
		};
/* End PBXResourcesBuildPhase section */

/* Begin PBXShellScriptBuildPhase section */
		E25BE181B273D7C41EC90374 /* [CP] Embed Pods Frameworks */ = {
			isa = PBXShellScriptBuildPhase;
			buildActionMask = 2147483647;
			files = (
			);
			inputFileListPaths = (
				"${PODS_ROOT}/Target Support Files/Pods-Vectors/Pods-Vectors-frameworks-${CONFIGURATION}-input-files.xcfilelist",
			);
			name = "[CP] Embed Pods Frameworks";
			outputFileListPaths = (
				"${PODS_ROOT}/Target Support Files/Pods-Vectors/Pods-Vectors-frameworks-${CONFIGURATION}-output-files.xcfilelist",
			);
			runOnlyForDeploymentPostprocessing = 0;
			shellPath = /bin/sh;
			shellScript = "\"${PODS_ROOT}/Target Support Files/Pods-Vectors/Pods-Vectors-frameworks.sh\"\n";
			showEnvVarsInLog = 0;
		};
		E5C136F602D262D66C9DE7DB /* [CP] Check Pods Manifest.lock */ = {
			isa = PBXShellScriptBuildPhase;
			buildActionMask = 2147483647;
			files = (
			);
			inputFileListPaths = (
			);
			inputPaths = (
				"${PODS_PODFILE_DIR_PATH}/Podfile.lock",
				"${PODS_ROOT}/Manifest.lock",
			);
			name = "[CP] Check Pods Manifest.lock";
			outputFileListPaths = (
			);
			outputPaths = (
				"$(DERIVED_FILE_DIR)/Pods-Vectors-checkManifestLockResult.txt",
			);
			runOnlyForDeploymentPostprocessing = 0;
			shellPath = /bin/sh;
			shellScript = "diff \"${PODS_PODFILE_DIR_PATH}/Podfile.lock\" \"${PODS_ROOT}/Manifest.lock\" > /dev/null\nif [ $? != 0 ] ; then\n    # print error to STDERR\n    echo \"error: The sandbox is not in sync with the Podfile.lock. Run 'pod install' or update your CocoaPods installation.\" >&2\n    exit 1\nfi\n# This output is used by Xcode 'outputs' to avoid re-running this script phase.\necho \"SUCCESS\" > \"${SCRIPT_OUTPUT_FILE_0}\"\n";
			showEnvVarsInLog = 0;
		};
		F9FECC522934D060004803F8 /* SwiftLint Script */ = {
			isa = PBXShellScriptBuildPhase;
			alwaysOutOfDate = 1;
			buildActionMask = 2147483647;
			files = (
			);
			inputFileListPaths = (
			);
			inputPaths = (
			);
			name = "SwiftLint Script";
			outputFileListPaths = (
			);
			outputPaths = (
			);
			runOnlyForDeploymentPostprocessing = 0;
			shellPath = /bin/sh;
			shellScript = "\"${PODS_ROOT}/SwiftLint/swiftlint\"\n";
		};
		F9FECC532934D07B004803F8 /* SwiftGen Script */ = {
			isa = PBXShellScriptBuildPhase;
			alwaysOutOfDate = 1;
			buildActionMask = 2147483647;
			files = (
			);
			inputFileListPaths = (
			);
			inputPaths = (
			);
			name = "SwiftGen Script";
			outputFileListPaths = (
			);
			outputPaths = (
			);
			runOnlyForDeploymentPostprocessing = 0;
			shellPath = /bin/sh;
			shellScript = "if [[ -f \"${PODS_ROOT}/SwiftGen/bin/swiftgen\" ]]; then\n  \"${PODS_ROOT}/SwiftGen/bin/swiftgen\"\nelse\n  echo \"warning: SwiftGen is not installed. Run 'pod install --repo-update' to install it.\"\nfi\n";
		};
/* End PBXShellScriptBuildPhase section */

/* Begin PBXSourcesBuildPhase section */
		F9B4980F2934C768008DD0CD /* Sources */ = {
			isa = PBXSourcesBuildPhase;
			buildActionMask = 2147483647;
			files = (
				F96956E929409BAC00A16CD6 /* MockVectorProvider.swift in Sources */,
				F9B4981B2934C769008DD0CD /* CanvasViewController.swift in Sources */,
				F9C6F71D2934DC88002A4D64 /* VectorsSKScene.swift in Sources */,
				F9CE1965294717B80069395D /* RealmVectorProvider.swift in Sources */,
				F90FF538294873B600347AD2 /* GameViewController.swift in Sources */,
				F9F27F7B293E36B80027421C /* CanvasView.swift in Sources */,
				F9DC475B2938D15C00F94A29 /* CGPoint.swift in Sources */,
				F9AD2AFB2942085900895983 /* UIColor.swift in Sources */,
				F9B498172934C769008DD0CD /* AppDelegate.swift in Sources */,
				F9809C902943771F00D422A1 /* AddViewController.swift in Sources */,
				F9E5565B2934D19F00FCFB91 /* Assets.swift in Sources */,
				F913A2372940C76C008370B5 /* VectorCollectionCell.swift in Sources */,
				F9809C942943910200D422A1 /* AddView.swift in Sources */,
				F96956F02940AB5B00A16CD6 /* MenuView.swift in Sources */,
				F96956EE29409C0700A16CD6 /* VectorProviderProtocol.swift in Sources */,
				F9809C922943905A00D422A1 /* BaseTextField.swift in Sources */,
				F9C6F71F29350ADF002A4D64 /* VectorModel.swift in Sources */,
				F913A23C2940F762008370B5 /* ViewModelProtocol.swift in Sources */,
				F9312F302944A23A003B2C89 /* Observable.swift in Sources */,
				F9CE196729471E770069395D /* RealmVectorModel.swift in Sources */,
				F96956F22940AC7F00A16CD6 /* BaseButton.swift in Sources */,
				F90FF53A2948983700347AD2 /* CircleView.swift in Sources */,
				F9D759082947588C004EF5CF /* DIProvider.swift in Sources */,
				F913A23A2940EF2C008370B5 /* CanvasViewModel.swift in Sources */,
				F90FF53E2948B38F00347AD2 /* GameView.swift in Sources */,
				F9E5565A2934D19F00FCFB91 /* Strings+Generated.swift in Sources */,
			);
			runOnlyForDeploymentPostprocessing = 0;
		};
/* End PBXSourcesBuildPhase section */

/* Begin PBXVariantGroup section */
		F9B498212934C769008DD0CD /* LaunchScreen.storyboard */ = {
			isa = PBXVariantGroup;
			children = (
				F9B498222934C769008DD0CD /* Base */,
			);
			name = LaunchScreen.storyboard;
			sourceTree = "<group>";
		};
/* End PBXVariantGroup section */

/* Begin XCBuildConfiguration section */
		F9B498252934C769008DD0CD /* Debug */ = {
			isa = XCBuildConfiguration;
			buildSettings = {
				ALWAYS_SEARCH_USER_PATHS = NO;
				CLANG_ANALYZER_NONNULL = YES;
				CLANG_ANALYZER_NUMBER_OBJECT_CONVERSION = YES_AGGRESSIVE;
				CLANG_CXX_LANGUAGE_STANDARD = "gnu++20";
				CLANG_ENABLE_MODULES = YES;
				CLANG_ENABLE_OBJC_ARC = YES;
				CLANG_ENABLE_OBJC_WEAK = YES;
				CLANG_WARN_BLOCK_CAPTURE_AUTORELEASING = YES;
				CLANG_WARN_BOOL_CONVERSION = YES;
				CLANG_WARN_COMMA = YES;
				CLANG_WARN_CONSTANT_CONVERSION = YES;
				CLANG_WARN_DEPRECATED_OBJC_IMPLEMENTATIONS = YES;
				CLANG_WARN_DIRECT_OBJC_ISA_USAGE = YES_ERROR;
				CLANG_WARN_DOCUMENTATION_COMMENTS = YES;
				CLANG_WARN_EMPTY_BODY = YES;
				CLANG_WARN_ENUM_CONVERSION = YES;
				CLANG_WARN_INFINITE_RECURSION = YES;
				CLANG_WARN_INT_CONVERSION = YES;
				CLANG_WARN_NON_LITERAL_NULL_CONVERSION = YES;
				CLANG_WARN_OBJC_IMPLICIT_RETAIN_SELF = YES;
				CLANG_WARN_OBJC_LITERAL_CONVERSION = YES;
				CLANG_WARN_OBJC_ROOT_CLASS = YES_ERROR;
				CLANG_WARN_QUOTED_INCLUDE_IN_FRAMEWORK_HEADER = YES;
				CLANG_WARN_RANGE_LOOP_ANALYSIS = YES;
				CLANG_WARN_STRICT_PROTOTYPES = YES;
				CLANG_WARN_SUSPICIOUS_MOVE = YES;
				CLANG_WARN_UNGUARDED_AVAILABILITY = YES_AGGRESSIVE;
				CLANG_WARN_UNREACHABLE_CODE = YES;
				CLANG_WARN__DUPLICATE_METHOD_MATCH = YES;
				COPY_PHASE_STRIP = NO;
				DEBUG_INFORMATION_FORMAT = dwarf;
				ENABLE_STRICT_OBJC_MSGSEND = YES;
				ENABLE_TESTABILITY = YES;
				GCC_C_LANGUAGE_STANDARD = gnu11;
				GCC_DYNAMIC_NO_PIC = NO;
				GCC_NO_COMMON_BLOCKS = YES;
				GCC_OPTIMIZATION_LEVEL = 0;
				GCC_PREPROCESSOR_DEFINITIONS = (
					"DEBUG=1",
					"$(inherited)",
				);
				GCC_WARN_64_TO_32_BIT_CONVERSION = YES;
				GCC_WARN_ABOUT_RETURN_TYPE = YES_ERROR;
				GCC_WARN_UNDECLARED_SELECTOR = YES;
				GCC_WARN_UNINITIALIZED_AUTOS = YES_AGGRESSIVE;
				GCC_WARN_UNUSED_FUNCTION = YES;
				GCC_WARN_UNUSED_VARIABLE = YES;
				IPHONEOS_DEPLOYMENT_TARGET = 16.1;
				MTL_ENABLE_DEBUG_INFO = INCLUDE_SOURCE;
				MTL_FAST_MATH = YES;
				ONLY_ACTIVE_ARCH = YES;
				SDKROOT = iphoneos;
				SWIFT_ACTIVE_COMPILATION_CONDITIONS = DEBUG;
				SWIFT_OPTIMIZATION_LEVEL = "-Onone";
			};
			name = Debug;
		};
		F9B498262934C769008DD0CD /* Release */ = {
			isa = XCBuildConfiguration;
			buildSettings = {
				ALWAYS_SEARCH_USER_PATHS = NO;
				CLANG_ANALYZER_NONNULL = YES;
				CLANG_ANALYZER_NUMBER_OBJECT_CONVERSION = YES_AGGRESSIVE;
				CLANG_CXX_LANGUAGE_STANDARD = "gnu++20";
				CLANG_ENABLE_MODULES = YES;
				CLANG_ENABLE_OBJC_ARC = YES;
				CLANG_ENABLE_OBJC_WEAK = YES;
				CLANG_WARN_BLOCK_CAPTURE_AUTORELEASING = YES;
				CLANG_WARN_BOOL_CONVERSION = YES;
				CLANG_WARN_COMMA = YES;
				CLANG_WARN_CONSTANT_CONVERSION = YES;
				CLANG_WARN_DEPRECATED_OBJC_IMPLEMENTATIONS = YES;
				CLANG_WARN_DIRECT_OBJC_ISA_USAGE = YES_ERROR;
				CLANG_WARN_DOCUMENTATION_COMMENTS = YES;
				CLANG_WARN_EMPTY_BODY = YES;
				CLANG_WARN_ENUM_CONVERSION = YES;
				CLANG_WARN_INFINITE_RECURSION = YES;
				CLANG_WARN_INT_CONVERSION = YES;
				CLANG_WARN_NON_LITERAL_NULL_CONVERSION = YES;
				CLANG_WARN_OBJC_IMPLICIT_RETAIN_SELF = YES;
				CLANG_WARN_OBJC_LITERAL_CONVERSION = YES;
				CLANG_WARN_OBJC_ROOT_CLASS = YES_ERROR;
				CLANG_WARN_QUOTED_INCLUDE_IN_FRAMEWORK_HEADER = YES;
				CLANG_WARN_RANGE_LOOP_ANALYSIS = YES;
				CLANG_WARN_STRICT_PROTOTYPES = YES;
				CLANG_WARN_SUSPICIOUS_MOVE = YES;
				CLANG_WARN_UNGUARDED_AVAILABILITY = YES_AGGRESSIVE;
				CLANG_WARN_UNREACHABLE_CODE = YES;
				CLANG_WARN__DUPLICATE_METHOD_MATCH = YES;
				COPY_PHASE_STRIP = NO;
				DEBUG_INFORMATION_FORMAT = "dwarf-with-dsym";
				ENABLE_NS_ASSERTIONS = NO;
				ENABLE_STRICT_OBJC_MSGSEND = YES;
				GCC_C_LANGUAGE_STANDARD = gnu11;
				GCC_NO_COMMON_BLOCKS = YES;
				GCC_WARN_64_TO_32_BIT_CONVERSION = YES;
				GCC_WARN_ABOUT_RETURN_TYPE = YES_ERROR;
				GCC_WARN_UNDECLARED_SELECTOR = YES;
				GCC_WARN_UNINITIALIZED_AUTOS = YES_AGGRESSIVE;
				GCC_WARN_UNUSED_FUNCTION = YES;
				GCC_WARN_UNUSED_VARIABLE = YES;
				IPHONEOS_DEPLOYMENT_TARGET = 16.1;
				MTL_ENABLE_DEBUG_INFO = NO;
				MTL_FAST_MATH = YES;
				SDKROOT = iphoneos;
				SWIFT_COMPILATION_MODE = wholemodule;
				SWIFT_OPTIMIZATION_LEVEL = "-O";
				VALIDATE_PRODUCT = YES;
			};
			name = Release;
		};
		F9B498282934C769008DD0CD /* Debug */ = {
			isa = XCBuildConfiguration;
			baseConfigurationReference = 33AFCA071E3D4A324D4E46FD /* Pods-Vectors.debug.xcconfig */;
			buildSettings = {
				ASSETCATALOG_COMPILER_APPICON_NAME = AppIcon;
				ASSETCATALOG_COMPILER_GLOBAL_ACCENT_COLOR_NAME = AccentColor;
				CODE_SIGN_STYLE = Automatic;
				CURRENT_PROJECT_VERSION = 1;
				DEVELOPMENT_TEAM = BM3524Q23U;
				GENERATE_INFOPLIST_FILE = YES;
				INFOPLIST_FILE = Vectors/Sources/Info.plist;
				INFOPLIST_KEY_UIApplicationSupportsIndirectInputEvents = YES;
				INFOPLIST_KEY_UILaunchStoryboardName = LaunchScreen;
				INFOPLIST_KEY_UISupportedInterfaceOrientations = UIInterfaceOrientationPortrait;
				INFOPLIST_KEY_UISupportedInterfaceOrientations_iPad = "UIInterfaceOrientationLandscapeLeft UIInterfaceOrientationLandscapeRight UIInterfaceOrientationPortrait UIInterfaceOrientationPortraitUpsideDown";
				IPHONEOS_DEPLOYMENT_TARGET = 14.0;
				LD_RUNPATH_SEARCH_PATHS = (
					"$(inherited)",
					"@executable_path/Frameworks",
				);
				MARKETING_VERSION = 1.0;
				PRODUCT_BUNDLE_IDENTIFIER = com.marekRoslik.Vectors;
				PRODUCT_NAME = "$(TARGET_NAME)";
				SUPPORTED_PLATFORMS = "iphoneos iphonesimulator";
				SUPPORTS_MACCATALYST = NO;
				SUPPORTS_MAC_DESIGNED_FOR_IPHONE_IPAD = NO;
				SWIFT_EMIT_LOC_STRINGS = YES;
				SWIFT_VERSION = 5.0;
				TARGETED_DEVICE_FAMILY = 1;
			};
			name = Debug;
		};
		F9B498292934C769008DD0CD /* Release */ = {
			isa = XCBuildConfiguration;
			baseConfigurationReference = 342AED9584E4184FB574E608 /* Pods-Vectors.release.xcconfig */;
			buildSettings = {
				ASSETCATALOG_COMPILER_APPICON_NAME = AppIcon;
				ASSETCATALOG_COMPILER_GLOBAL_ACCENT_COLOR_NAME = AccentColor;
				CODE_SIGN_STYLE = Automatic;
				CURRENT_PROJECT_VERSION = 1;
				DEVELOPMENT_TEAM = BM3524Q23U;
				GENERATE_INFOPLIST_FILE = YES;
				INFOPLIST_FILE = Vectors/Sources/Info.plist;
				INFOPLIST_KEY_UIApplicationSupportsIndirectInputEvents = YES;
				INFOPLIST_KEY_UILaunchStoryboardName = LaunchScreen;
				INFOPLIST_KEY_UISupportedInterfaceOrientations = UIInterfaceOrientationPortrait;
				INFOPLIST_KEY_UISupportedInterfaceOrientations_iPad = "UIInterfaceOrientationLandscapeLeft UIInterfaceOrientationLandscapeRight UIInterfaceOrientationPortrait UIInterfaceOrientationPortraitUpsideDown";
				IPHONEOS_DEPLOYMENT_TARGET = 14.0;
				LD_RUNPATH_SEARCH_PATHS = (
					"$(inherited)",
					"@executable_path/Frameworks",
				);
				MARKETING_VERSION = 1.0;
				PRODUCT_BUNDLE_IDENTIFIER = com.marekRoslik.Vectors;
				PRODUCT_NAME = "$(TARGET_NAME)";
				SUPPORTED_PLATFORMS = "iphoneos iphonesimulator";
				SUPPORTS_MACCATALYST = NO;
				SUPPORTS_MAC_DESIGNED_FOR_IPHONE_IPAD = NO;
				SWIFT_EMIT_LOC_STRINGS = YES;
				SWIFT_VERSION = 5.0;
				TARGETED_DEVICE_FAMILY = 1;
			};
			name = Release;
		};
/* End XCBuildConfiguration section */

/* Begin XCConfigurationList section */
		F9B4980E2934C768008DD0CD /* Build configuration list for PBXProject "Vectors" */ = {
			isa = XCConfigurationList;
			buildConfigurations = (
				F9B498252934C769008DD0CD /* Debug */,
				F9B498262934C769008DD0CD /* Release */,
			);
			defaultConfigurationIsVisible = 0;
			defaultConfigurationName = Release;
		};
		F9B498272934C769008DD0CD /* Build configuration list for PBXNativeTarget "Vectors" */ = {
			isa = XCConfigurationList;
			buildConfigurations = (
				F9B498282934C769008DD0CD /* Debug */,
				F9B498292934C769008DD0CD /* Release */,
			);
			defaultConfigurationIsVisible = 0;
			defaultConfigurationName = Release;
		};
/* End XCConfigurationList section */
	};
	rootObject = F9B4980B2934C768008DD0CD /* Project object */;
}
